
Microsoft Visual Studio Solution File, Format Version 12.00
# Visual Studio 15
VisualStudioVersion = 15.0.27130.2027
MinimumVisualStudioVersion = 10.0.40219.1
Project("{FAE04EC0-301F-11D3-BF4B-00C04F79EFBC}") = "Pro", "Pro\Pro.csproj", "{1D175520-D320-4BE0-97F7-BF73410F6CFD}"
EndProject
Global
	GlobalSection(SolutionConfigurationPlatforms) = preSolution
		Debug|Any CPU = Debug|Any CPU
		Release|Any CPU = Release|Any CPU
	EndGlobalSection
	GlobalSection(ProjectConfigurationPlatforms) = postSolution
		{1D175520-D320-4BE0-97F7-BF73410F6CFD}.Debug|Any CPU.ActiveCfg = Debug|Any CPU
		{1D175520-D320-4BE0-97F7-BF73410F6CFD}.Debug|Any CPU.Build.0 = Debug|Any CPU
		{1D175520-D320-4BE0-97F7-BF73410F6CFD}.Release|Any CPU.ActiveCfg = Release|Any CPU
		{1D175520-D320-4BE0-97F7-BF73410F6CFD}.Release|Any CPU.Build.0 = Release|Any CPU
	EndGlobalSection
	GlobalSection(SolutionProperties) = preSolution
		HideSolutionNode = FALSE
	EndGlobalSection
	GlobalSection(ExtensibilityGlobals) = postSolution
		SolutionGuid = {97EFB3F4-05EB-46E2-AE4B-B8FD422E304C}
	EndGlobalSection
EndGlobal
